
Microsoft Visual Studio Solution File, Format Version 12.00
# Visual Studio Version 17
VisualStudioVersion = 17.3.32929.385
MinimumVisualStudioVersion = 10.0.40219.1
Project("{FAE04EC0-301F-11D3-BF4B-00C04F79EFBC}") = "SKToolsAddins", "KajimaAddin\SKToolsAddins.csproj", "{5DFFC234-DA0F-4DBB-9168-24884F5D2AE1}"
EndProject
Project("{FAE04EC0-301F-11D3-BF4B-00C04F79EFBC}") = "SKToolsRibbon", "KajimaRevitAddinsRibbon\SKToolsRibbon.csproj", "{D058FFAB-A03E-4C15-8771-151F2CB83856}"
EndProject
Project("{FAE04EC0-301F-11D3-BF4B-00C04F79EFBC}") = "ACadAddin", "ACadAddin\ACadAddin.csproj", "{C919F1CB-E95A-4858-B0C1-8B309BF2F12D}"
EndProject
Global
	GlobalSection(SolutionConfigurationPlatforms) = preSolution
		Debug|Any CPU = Debug|Any CPU
		Release|Any CPU = Release|Any CPU
	EndGlobalSection
	GlobalSection(ProjectConfigurationPlatforms) = postSolution
		{5DFFC234-DA0F-4DBB-9168-24884F5D2AE1}.Debug|Any CPU.ActiveCfg = Debug|Any CPU
		{5DFFC234-DA0F-4DBB-9168-24884F5D2AE1}.Debug|Any CPU.Build.0 = Debug|Any CPU
		{5DFFC234-DA0F-4DBB-9168-24884F5D2AE1}.Release|Any CPU.ActiveCfg = Release|Any CPU
		{5DFFC234-DA0F-4DBB-9168-24884F5D2AE1}.Release|Any CPU.Build.0 = Release|Any CPU
		{D058FFAB-A03E-4C15-8771-151F2CB83856}.Debug|Any CPU.ActiveCfg = Debug|Any CPU
		{D058FFAB-A03E-4C15-8771-151F2CB83856}.Debug|Any CPU.Build.0 = Debug|Any CPU
		{D058FFAB-A03E-4C15-8771-151F2CB83856}.Release|Any CPU.ActiveCfg = Release|Any CPU
		{D058FFAB-A03E-4C15-8771-151F2CB83856}.Release|Any CPU.Build.0 = Release|Any CPU
		{C919F1CB-E95A-4858-B0C1-8B309BF2F12D}.Debug|Any CPU.ActiveCfg = Debug|Any CPU
		{C919F1CB-E95A-4858-B0C1-8B309BF2F12D}.Debug|Any CPU.Build.0 = Debug|Any CPU
		{C919F1CB-E95A-4858-B0C1-8B309BF2F12D}.Release|Any CPU.ActiveCfg = Release|Any CPU
		{C919F1CB-E95A-4858-B0C1-8B309BF2F12D}.Release|Any CPU.Build.0 = Release|Any CPU
	EndGlobalSection
	GlobalSection(SolutionProperties) = preSolution
		HideSolutionNode = FALSE
	EndGlobalSection
	GlobalSection(ExtensibilityGlobals) = postSolution
		SolutionGuid = {E685C189-2D6F-45B8-8DEE-3AB9409C7C88}
	EndGlobalSection
EndGlobal
